
Microsoft Visual Studio Solution File, Format Version 12.00
# Visual Studio Version 17
VisualStudioVersion = 17.7.34031.279
MinimumVisualStudioVersion = 10.0.40219.1
Project("{FAE04EC0-301F-11D3-BF4B-00C04F79EFBC}") = "Projeto_POO_25985", "Projeto_POO_25985\Projeto_POO_25985.csproj", "{5A85957B-D5E9-4B25-AB16-3137DAA4FA05}"
EndProject
Project("{2150E333-8FDC-42A3-9474-1A3956D46DE8}") = "Projeto_POO_25985", "Projeto_POO_25985", "{A92BBFC6-64EC-4668-B9B7-F52C027F4088}"
EndProject
Project("{FAE04EC0-301F-11D3-BF4B-00C04F79EFBC}") = "Objetos", "Objetos\Objetos.csproj", "{4EA8DD2F-6B5A-4982-8BFF-EAE6B3C8FEDB}"
EndProject
Project("{FAE04EC0-301F-11D3-BF4B-00C04F79EFBC}") = "Dados", "Dados\Dados.csproj", "{74DCE45F-3D55-4D21-897D-D854025BFCA8}"
EndProject
Project("{FAE04EC0-301F-11D3-BF4B-00C04F79EFBC}") = "Regras de negocio", "Regras de negocio\Regras de negocio.csproj", "{46BD370A-EE1C-41D5-8079-929FB23538FC}"
EndProject
Global
	GlobalSection(SolutionConfigurationPlatforms) = preSolution
		Debug|Any CPU = Debug|Any CPU
		Release|Any CPU = Release|Any CPU
	EndGlobalSection
	GlobalSection(ProjectConfigurationPlatforms) = postSolution
		{5A85957B-D5E9-4B25-AB16-3137DAA4FA05}.Debug|Any CPU.ActiveCfg = Debug|Any CPU
		{5A85957B-D5E9-4B25-AB16-3137DAA4FA05}.Debug|Any CPU.Build.0 = Debug|Any CPU
		{5A85957B-D5E9-4B25-AB16-3137DAA4FA05}.Release|Any CPU.ActiveCfg = Release|Any CPU
		{5A85957B-D5E9-4B25-AB16-3137DAA4FA05}.Release|Any CPU.Build.0 = Release|Any CPU
		{4EA8DD2F-6B5A-4982-8BFF-EAE6B3C8FEDB}.Debug|Any CPU.ActiveCfg = Debug|Any CPU
		{4EA8DD2F-6B5A-4982-8BFF-EAE6B3C8FEDB}.Debug|Any CPU.Build.0 = Debug|Any CPU
		{4EA8DD2F-6B5A-4982-8BFF-EAE6B3C8FEDB}.Release|Any CPU.ActiveCfg = Release|Any CPU
		{4EA8DD2F-6B5A-4982-8BFF-EAE6B3C8FEDB}.Release|Any CPU.Build.0 = Release|Any CPU
		{74DCE45F-3D55-4D21-897D-D854025BFCA8}.Debug|Any CPU.ActiveCfg = Debug|Any CPU
		{74DCE45F-3D55-4D21-897D-D854025BFCA8}.Debug|Any CPU.Build.0 = Debug|Any CPU
		{74DCE45F-3D55-4D21-897D-D854025BFCA8}.Release|Any CPU.ActiveCfg = Release|Any CPU
		{74DCE45F-3D55-4D21-897D-D854025BFCA8}.Release|Any CPU.Build.0 = Release|Any CPU
		{46BD370A-EE1C-41D5-8079-929FB23538FC}.Debug|Any CPU.ActiveCfg = Debug|Any CPU
		{46BD370A-EE1C-41D5-8079-929FB23538FC}.Debug|Any CPU.Build.0 = Debug|Any CPU
		{46BD370A-EE1C-41D5-8079-929FB23538FC}.Release|Any CPU.ActiveCfg = Release|Any CPU
		{46BD370A-EE1C-41D5-8079-929FB23538FC}.Release|Any CPU.Build.0 = Release|Any CPU
	EndGlobalSection
	GlobalSection(SolutionProperties) = preSolution
		HideSolutionNode = FALSE
	EndGlobalSection
	GlobalSection(NestedProjects) = preSolution
		{5A85957B-D5E9-4B25-AB16-3137DAA4FA05} = {A92BBFC6-64EC-4668-B9B7-F52C027F4088}
		{4EA8DD2F-6B5A-4982-8BFF-EAE6B3C8FEDB} = {A92BBFC6-64EC-4668-B9B7-F52C027F4088}
		{74DCE45F-3D55-4D21-897D-D854025BFCA8} = {A92BBFC6-64EC-4668-B9B7-F52C027F4088}
		{46BD370A-EE1C-41D5-8079-929FB23538FC} = {A92BBFC6-64EC-4668-B9B7-F52C027F4088}
	EndGlobalSection
	GlobalSection(ExtensibilityGlobals) = postSolution
		SolutionGuid = {0B1ED569-E6F5-4D97-B112-B7F58620A9C3}
	EndGlobalSection
EndGlobal
